
Microsoft Visual Studio Solution File, Format Version 12.00
# Visual Studio Version 17
VisualStudioVersion = 17.14.36310.24 d17.14
MinimumVisualStudioVersion = 10.0.40219.1
Project("{8BC9CEB8-8B4A-11D0-8D11-00A0C91BC942}") = "proyuecto final", "proyuecto final.vcxproj", "{AE427DD7-97EA-48C2-8D8E-22136AC3AEC2}"
EndProject
Global
	GlobalSection(SolutionConfigurationPlatforms) = preSolution
		Debug|x64 = Debug|x64
		Debug|x86 = Debug|x86
		Release|x64 = Release|x64
		Release|x86 = Release|x86
	EndGlobalSection
	GlobalSection(ProjectConfigurationPlatforms) = postSolution
		{AE427DD7-97EA-48C2-8D8E-22136AC3AEC2}.Debug|x64.ActiveCfg = Debug|x64
		{AE427DD7-97EA-48C2-8D8E-22136AC3AEC2}.Debug|x64.Build.0 = Debug|x64
		{AE427DD7-97EA-48C2-8D8E-22136AC3AEC2}.Debug|x86.ActiveCfg = Debug|Win32
		{AE427DD7-97EA-48C2-8D8E-22136AC3AEC2}.Debug|x86.Build.0 = Debug|Win32
		{AE427DD7-97EA-48C2-8D8E-22136AC3AEC2}.Release|x64.ActiveCfg = Release|x64
		{AE427DD7-97EA-48C2-8D8E-22136AC3AEC2}.Release|x64.Build.0 = Release|x64
		{AE427DD7-97EA-48C2-8D8E-22136AC3AEC2}.Release|x86.ActiveCfg = Release|Win32
		{AE427DD7-97EA-48C2-8D8E-22136AC3AEC2}.Release|x86.Build.0 = Release|Win32
	EndGlobalSection
	GlobalSection(SolutionProperties) = preSolution
		HideSolutionNode = FALSE
	EndGlobalSection
	GlobalSection(ExtensibilityGlobals) = postSolution
		SolutionGuid = {3E62A95F-4A95-4366-A84D-5CE149309826}
	EndGlobalSection
EndGlobal
